
Microsoft Visual Studio Solution File, Format Version 12.00
# Visual Studio 14
VisualStudioVersion = 14.0.25420.1
MinimumVisualStudioVersion = 10.0.40219.1
Project("{FAE04EC0-301F-11D3-BF4B-00C04F79EFBC}") = "AgeRanger", "AgeRanger\AgeRanger.csproj", "{7608EC03-868A-4C0A-8502-FBFD7F2DC6B9}"
EndProject
Project("{2150E333-8FDC-42A3-9474-1A3956D46DE8}") = "Tests", "Tests", "{D123381A-FFD1-4C14-AD55-25EB4FD75E99}"
EndProject
Project("{FAE04EC0-301F-11D3-BF4B-00C04F79EFBC}") = "AgeRanger.Tests.Unit", "AgeRanger.Tests.Unit\AgeRanger.Tests.Unit.csproj", "{9448A688-8C40-4498-AC5C-4FFE27C13B69}"
EndProject
Project("{2150E333-8FDC-42A3-9474-1A3956D46DE8}") = "Documents", "Documents", "{F8D3CF1F-AE9D-4C7E-97A5-B35F251E99E3}"
	ProjectSection(SolutionItems) = preProject
		Fiddler-PUT-API.png = Fiddler-PUT-API.png
		README.md = README.md
	EndProjectSection
EndProject
Project("{FAE04EC0-301F-11D3-BF4B-00C04F79EFBC}") = "AgeRanger.Data", "AgeRanger.Data\AgeRanger.Data.csproj", "{D77D817E-AFF3-4C16-B44D-D4796671913E}"
EndProject
Project("{FAE04EC0-301F-11D3-BF4B-00C04F79EFBC}") = "AgeRanger.Domain", "AgeRanger.Domain\AgeRanger.Domain.csproj", "{C4EE205A-5C54-47C2-9BAC-1056F2FA88B7}"
EndProject
Project("{FAE04EC0-301F-11D3-BF4B-00C04F79EFBC}") = "AgeRanger.Tests.Integration", "AgeRanger.Tests.Integration\AgeRanger.Tests.Integration.csproj", "{FE39D676-5759-4F84-BE9B-5CF650889C7B}"
EndProject
Project("{FAE04EC0-301F-11D3-BF4B-00C04F79EFBC}") = "AgeRanger.Entities", "AgeRanger.Entities\AgeRanger.Entities.csproj", "{9180F571-4254-4EEC-AD84-8D25D609941D}"
EndProject
Project("{FAE04EC0-301F-11D3-BF4B-00C04F79EFBC}") = "AgeRanger.Tests.Functional", "AgeRanger.Tests.Functional\AgeRanger.Tests.Functional.csproj", "{F32123FC-50E1-4E73-9A89-BED54C0E32A1}"
EndProject
Project("{FAE04EC0-301F-11D3-BF4B-00C04F79EFBC}") = "AgeRanger.Api", "AgeRanger.Api\AgeRanger.Api.csproj", "{87C31629-F106-42F9-8646-5FE2E4304D98}"
EndProject
Project("{FAE04EC0-301F-11D3-BF4B-00C04F79EFBC}") = "AgeRanger.Api.Client", "AgeRanger.Api.Client\AgeRanger.Api.Client.csproj", "{5BC37314-0F03-4F62-956B-4264106D0325}"
EndProject
Global
	GlobalSection(SolutionConfigurationPlatforms) = preSolution
		Debug|Any CPU = Debug|Any CPU
		Release|Any CPU = Release|Any CPU
	EndGlobalSection
	GlobalSection(ProjectConfigurationPlatforms) = postSolution
		{7608EC03-868A-4C0A-8502-FBFD7F2DC6B9}.Debug|Any CPU.ActiveCfg = Debug|Any CPU
		{7608EC03-868A-4C0A-8502-FBFD7F2DC6B9}.Debug|Any CPU.Build.0 = Debug|Any CPU
		{7608EC03-868A-4C0A-8502-FBFD7F2DC6B9}.Release|Any CPU.ActiveCfg = Release|Any CPU
		{7608EC03-868A-4C0A-8502-FBFD7F2DC6B9}.Release|Any CPU.Build.0 = Release|Any CPU
		{9448A688-8C40-4498-AC5C-4FFE27C13B69}.Debug|Any CPU.ActiveCfg = Debug|Any CPU
		{9448A688-8C40-4498-AC5C-4FFE27C13B69}.Debug|Any CPU.Build.0 = Debug|Any CPU
		{9448A688-8C40-4498-AC5C-4FFE27C13B69}.Release|Any CPU.ActiveCfg = Release|Any CPU
		{9448A688-8C40-4498-AC5C-4FFE27C13B69}.Release|Any CPU.Build.0 = Release|Any CPU
		{D77D817E-AFF3-4C16-B44D-D4796671913E}.Debug|Any CPU.ActiveCfg = Debug|Any CPU
		{D77D817E-AFF3-4C16-B44D-D4796671913E}.Debug|Any CPU.Build.0 = Debug|Any CPU
		{D77D817E-AFF3-4C16-B44D-D4796671913E}.Release|Any CPU.ActiveCfg = Release|Any CPU
		{D77D817E-AFF3-4C16-B44D-D4796671913E}.Release|Any CPU.Build.0 = Release|Any CPU
		{C4EE205A-5C54-47C2-9BAC-1056F2FA88B7}.Debug|Any CPU.ActiveCfg = Debug|Any CPU
		{C4EE205A-5C54-47C2-9BAC-1056F2FA88B7}.Debug|Any CPU.Build.0 = Debug|Any CPU
		{C4EE205A-5C54-47C2-9BAC-1056F2FA88B7}.Release|Any CPU.ActiveCfg = Release|Any CPU
		{C4EE205A-5C54-47C2-9BAC-1056F2FA88B7}.Release|Any CPU.Build.0 = Release|Any CPU
		{FE39D676-5759-4F84-BE9B-5CF650889C7B}.Debug|Any CPU.ActiveCfg = Debug|Any CPU
		{FE39D676-5759-4F84-BE9B-5CF650889C7B}.Debug|Any CPU.Build.0 = Debug|Any CPU
		{FE39D676-5759-4F84-BE9B-5CF650889C7B}.Release|Any CPU.ActiveCfg = Release|Any CPU
		{FE39D676-5759-4F84-BE9B-5CF650889C7B}.Release|Any CPU.Build.0 = Release|Any CPU
		{9180F571-4254-4EEC-AD84-8D25D609941D}.Debug|Any CPU.ActiveCfg = Debug|Any CPU
		{9180F571-4254-4EEC-AD84-8D25D609941D}.Debug|Any CPU.Build.0 = Debug|Any CPU
		{9180F571-4254-4EEC-AD84-8D25D609941D}.Release|Any CPU.ActiveCfg = Release|Any CPU
		{9180F571-4254-4EEC-AD84-8D25D609941D}.Release|Any CPU.Build.0 = Release|Any CPU
		{F32123FC-50E1-4E73-9A89-BED54C0E32A1}.Debug|Any CPU.ActiveCfg = Debug|Any CPU
		{F32123FC-50E1-4E73-9A89-BED54C0E32A1}.Debug|Any CPU.Build.0 = Debug|Any CPU
		{F32123FC-50E1-4E73-9A89-BED54C0E32A1}.Release|Any CPU.ActiveCfg = Release|Any CPU
		{F32123FC-50E1-4E73-9A89-BED54C0E32A1}.Release|Any CPU.Build.0 = Release|Any CPU
		{87C31629-F106-42F9-8646-5FE2E4304D98}.Debug|Any CPU.ActiveCfg = Debug|Any CPU
		{87C31629-F106-42F9-8646-5FE2E4304D98}.Debug|Any CPU.Build.0 = Debug|Any CPU
		{87C31629-F106-42F9-8646-5FE2E4304D98}.Release|Any CPU.ActiveCfg = Release|Any CPU
		{87C31629-F106-42F9-8646-5FE2E4304D98}.Release|Any CPU.Build.0 = Release|Any CPU
		{5BC37314-0F03-4F62-956B-4264106D0325}.Debug|Any CPU.ActiveCfg = Debug|Any CPU
		{5BC37314-0F03-4F62-956B-4264106D0325}.Debug|Any CPU.Build.0 = Debug|Any CPU
		{5BC37314-0F03-4F62-956B-4264106D0325}.Release|Any CPU.ActiveCfg = Release|Any CPU
		{5BC37314-0F03-4F62-956B-4264106D0325}.Release|Any CPU.Build.0 = Release|Any CPU
	EndGlobalSection
	GlobalSection(SolutionProperties) = preSolution
		HideSolutionNode = FALSE
	EndGlobalSection
	GlobalSection(NestedProjects) = preSolution
		{9448A688-8C40-4498-AC5C-4FFE27C13B69} = {D123381A-FFD1-4C14-AD55-25EB4FD75E99}
		{FE39D676-5759-4F84-BE9B-5CF650889C7B} = {D123381A-FFD1-4C14-AD55-25EB4FD75E99}
		{F32123FC-50E1-4E73-9A89-BED54C0E32A1} = {D123381A-FFD1-4C14-AD55-25EB4FD75E99}
	EndGlobalSection
EndGlobal
